
Microsoft Visual Studio Solution File, Format Version 12.00
# Visual Studio Version 17
VisualStudioVersion = 17.4.33122.133
MinimumVisualStudioVersion = 10.0.40219.1
Project("{FAE04EC0-301F-11D3-BF4B-00C04F79EFBC}") = "ConsoleApp5", "ConsoleApp5\ConsoleApp5.csproj", "{7106DD94-2B2C-48DD-90DD-0DD9211A5B77}"
EndProject
Global
	GlobalSection(SolutionConfigurationPlatforms) = preSolution
		Debug|Any CPU = Debug|Any CPU
		Release|Any CPU = Release|Any CPU
	EndGlobalSection
	GlobalSection(ProjectConfigurationPlatforms) = postSolution
		{7106DD94-2B2C-48DD-90DD-0DD9211A5B77}.Debug|Any CPU.ActiveCfg = Debug|Any CPU
		{7106DD94-2B2C-48DD-90DD-0DD9211A5B77}.Debug|Any CPU.Build.0 = Debug|Any CPU
		{7106DD94-2B2C-48DD-90DD-0DD9211A5B77}.Release|Any CPU.ActiveCfg = Release|Any CPU
		{7106DD94-2B2C-48DD-90DD-0DD9211A5B77}.Release|Any CPU.Build.0 = Release|Any CPU
	EndGlobalSection
	GlobalSection(SolutionProperties) = preSolution
		HideSolutionNode = FALSE
	EndGlobalSection
	GlobalSection(ExtensibilityGlobals) = postSolution
		SolutionGuid = {760AFA3D-183B-4109-8642-9DF17FF14E1A}
	EndGlobalSection
EndGlobal
